{
    "version": 3,
    "terraform_version": "0.11.7",
    "serial": 2,
    "lineage": "72e215a0-80ff-dee2-c2ed-7e4754860990",
    "modules": [
        {
            "path": [
                "root"
            ],
            "outputs": {},
            "resources": {
                "aws_autoscaling_group.asg-app": {
                    "type": "aws_autoscaling_group",
                    "depends_on": [],
                    "primary": {
                        "id": "asg-lc-app_ami-a3253adc20180804201817352500000001",
                        "attributes": {
                            "arn": "arn:aws:autoscaling:us-east-1:816913093305:autoScalingGroup:f02a1869-0f92-4f68-8de1-26dcc715b378:autoScalingGroupName/asg-lc-app_ami-a3253adc20180804201817352500000001",
                            "availability_zones.#": "2",
                            "availability_zones.1305112097": "us-east-1b",
                            "availability_zones.3569565595": "us-east-1a",
                            "default_cooldown": "300",
                            "desired_capacity": "2",
                            "enabled_metrics.#": "0",
                            "force_delete": "false",
                            "health_check_grace_period": "300",
                            "health_check_type": "ELB",
                            "id": "asg-lc-app_ami-a3253adc20180804201817352500000001",
                            "launch_configuration": "lc-app_ami-a3253adc",
                            "launch_template.#": "0",
                            "load_balancers.#": "1",
                            "load_balancers.1897301780": "elb-demo-app",
                            "max_size": "10",
                            "metrics_granularity": "1Minute",
                            "min_size": "2",
                            "name": "asg-lc-app_ami-a3253adc20180804201817352500000001",
                            "name_prefix": "asg-lc-app_ami-a3253adc",
                            "placement_group": "",
                            "protect_from_scale_in": "false",
                            "service_linked_role_arn": "arn:aws:iam::816913093305:role/aws-service-role/autoscaling.amazonaws.com/AWSServiceRoleForAutoScaling",
                            "suspended_processes.#": "0",
                            "tag.#": "6",
                            "tag.135033350.key": "product",
                            "tag.135033350.propagate_at_launch": "true",
                            "tag.135033350.value": "app",
                            "tag.1722470136.key": "Name",
                            "tag.1722470136.propagate_at_launch": "true",
                            "tag.1722470136.value": "demo-app",
                            "tag.2118449485.key": "owner",
                            "tag.2118449485.propagate_at_launch": "true",
                            "tag.2118449485.value": "Jeff Miller",
                            "tag.3112388728.key": "environment",
                            "tag.3112388728.propagate_at_launch": "true",
                            "tag.3112388728.value": "dev",
                            "tag.3168915132.key": "platform",
                            "tag.3168915132.propagate_at_launch": "true",
                            "tag.3168915132.value": "demo",
                            "tag.594028365.key": "application",
                            "tag.594028365.propagate_at_launch": "true",
                            "tag.594028365.value": "demo-app",
                            "target_group_arns.#": "0",
                            "termination_policies.#": "1",
                            "termination_policies.0": "OldestInstance",
                            "vpc_zone_identifier.#": "2",
                            "vpc_zone_identifier.1724746150": "subnet-e770d5c9",
                            "vpc_zone_identifier.1885715878": "subnet-cf6864ab",
                            "wait_for_capacity_timeout": "10m",
                            "wait_for_elb_capacity": "2"
                        },
                        "meta": {
                            "e2bfb730-ecaa-11e6-8f88-34363bc7c4c0": {
                                "delete": 600000000000
                            }
                        },
                        "tainted": false
                    },
                    "deposed": [],
                    "provider": "provider.aws"
                },
                "aws_elb.elb-app": {
                    "type": "aws_elb",
                    "depends_on": [],
                    "primary": {
                        "id": "elb-demo-app",
                        "attributes": {
                            "access_logs.#": "0",
                            "arn": "arn:aws:elasticloadbalancing:us-east-1:816913093305:loadbalancer/elb-demo-app",
                            "availability_zones.#": "2",
                            "availability_zones.1305112097": "us-east-1b",
                            "availability_zones.3569565595": "us-east-1a",
                            "connection_draining": "false",
                            "connection_draining_timeout": "300",
                            "cross_zone_load_balancing": "true",
                            "dns_name": "elb-demo-app-1798091520.us-east-1.elb.amazonaws.com",
                            "health_check.#": "1",
                            "health_check.0.healthy_threshold": "2",
                            "health_check.0.interval": "30",
                            "health_check.0.target": "HTTP:80/",
                            "health_check.0.timeout": "3",
                            "health_check.0.unhealthy_threshold": "2",
                            "id": "elb-demo-app",
                            "idle_timeout": "60",
                            "instances.#": "2",
                            "instances.140430212": "i-0048857771cbaccd3",
                            "instances.788669791": "i-082502bd1579fb077",
                            "internal": "false",
                            "listener.#": "1",
                            "listener.3057123346.instance_port": "80",
                            "listener.3057123346.instance_protocol": "http",
                            "listener.3057123346.lb_port": "80",
                            "listener.3057123346.lb_protocol": "http",
                            "listener.3057123346.ssl_certificate_id": "",
                            "name": "elb-demo-app",
                            "security_groups.#": "1",
                            "security_groups.4139689695": "sg-c29d7c8f",
                            "source_security_group": "816913093305/demo_app",
                            "source_security_group_id": "sg-c29d7c8f",
                            "subnets.#": "2",
                            "subnets.1724746150": "subnet-e770d5c9",
                            "subnets.1885715878": "subnet-cf6864ab",
                            "tags.%": "6",
                            "tags.Name": "app-elb",
                            "tags.application": "demo-app",
                            "tags.environment": "dev",
                            "tags.owner": "Jeff Miller",
                            "tags.platform": "demo",
                            "tags.product": "app",
                            "zone_id": "Z35SXDOTRQ7X7K"
                        },
                        "meta": {},
                        "tainted": false
                    },
                    "deposed": [],
                    "provider": "provider.aws"
                },
                "aws_launch_configuration.lc-app": {
                    "type": "aws_launch_configuration",
                    "depends_on": [],
                    "primary": {
                        "id": "lc-app_ami-a3253adc",
                        "attributes": {
                            "associate_public_ip_address": "true",
                            "ebs_block_device.#": "0",
                            "ebs_optimized": "false",
                            "enable_monitoring": "true",
                            "ephemeral_block_device.#": "0",
                            "iam_instance_profile": "TestRole",
                            "id": "lc-app_ami-a3253adc",
                            "image_id": "ami-a3253adc",
                            "instance_type": "t2.micro",
                            "key_name": "opswerk",
                            "name": "lc-app_ami-a3253adc",
                            "root_block_device.#": "0",
                            "security_groups.#": "1",
                            "security_groups.4139689695": "sg-c29d7c8f",
                            "spot_price": "",
                            "user_data": "a9c02acf555f3ff4d39aaacc6ffce8eaf668b5ce",
                            "vpc_classic_link_id": "",
                            "vpc_classic_link_security_groups.#": "0"
                        },
                        "meta": {},
                        "tainted": false
                    },
                    "deposed": [],
                    "provider": "provider.aws"
                },
                "data.aws_ami.app_ami": {
                    "type": "aws_ami",
                    "depends_on": [],
                    "primary": {
                        "id": "ami-a3253adc",
                        "attributes": {
                            "architecture": "x86_64",
                            "block_device_mappings.#": "1",
                            "block_device_mappings.2547816212.device_name": "/dev/sda1",
                            "block_device_mappings.2547816212.ebs.%": "6",
                            "block_device_mappings.2547816212.ebs.delete_on_termination": "true",
                            "block_device_mappings.2547816212.ebs.encrypted": "false",
                            "block_device_mappings.2547816212.ebs.iops": "0",
                            "block_device_mappings.2547816212.ebs.snapshot_id": "snap-00f8fe00c387ed732",
                            "block_device_mappings.2547816212.ebs.volume_size": "8",
                            "block_device_mappings.2547816212.ebs.volume_type": "gp2",
                            "block_device_mappings.2547816212.no_device": "",
                            "block_device_mappings.2547816212.virtual_name": "",
                            "creation_date": "2018-08-04T20:13:40.000Z",
                            "description": "demo_app-1.0.37-1533413372",
                            "filter.#": "2",
                            "filter.4075158037.name": "tag:Version",
                            "filter.4075158037.values.#": "1",
                            "filter.4075158037.values.0": "1.0.37",
                            "filter.517279046.name": "tag:Name",
                            "filter.517279046.values.#": "1",
                            "filter.517279046.values.0": "demo_app",
                            "hypervisor": "xen",
                            "id": "ami-a3253adc",
                            "image_id": "ami-a3253adc",
                            "image_location": "816913093305/demo_app-1.0.37",
                            "image_type": "machine",
                            "most_recent": "true",
                            "name": "demo_app-1.0.37",
                            "owner_id": "816913093305",
                            "owners.#": "1",
                            "owners.0": "self",
                            "product_codes.#": "1",
                            "product_codes.347650389.product_code_id": "aw0evgkw8e5c1q413zgy5pjce",
                            "product_codes.347650389.product_code_type": "marketplace",
                            "public": "false",
                            "root_device_name": "/dev/sda1",
                            "root_device_type": "ebs",
                            "root_snapshot_id": "snap-00f8fe00c387ed732",
                            "sriov_net_support": "simple",
                            "state": "available",
                            "state_reason.%": "2",
                            "state_reason.code": "UNSET",
                            "state_reason.message": "UNSET",
                            "tags.%": "2",
                            "tags.Name": "demo_app",
                            "tags.Version": "1.0.37",
                            "virtualization_type": "hvm"
                        },
                        "meta": {},
                        "tainted": false
                    },
                    "deposed": [],
                    "provider": "provider.aws"
                }
            },
            "depends_on": []
        }
    ]
}
